
Microsoft Visual Studio Solution File, Format Version 12.00
# Visual Studio 15
Project("{FAE04EC0-301F-11D3-BF4B-00C04F79EFBC}") = "VuforiaScripts", "VuforiaScripts.csproj", "{766EB4B0-8B8D-C852-ECAA-2CDD63FC91C2}"
EndProject
Project("{FAE04EC0-301F-11D3-BF4B-00C04F79EFBC}") = "Assembly-CSharp", "Assembly-CSharp.csproj", "{D54501F0-CE07-D7A1-CB0C-399EB71B2C78}"
EndProject
Project("{FAE04EC0-301F-11D3-BF4B-00C04F79EFBC}") = "VuforiaEditorScripts", "VuforiaEditorScripts.csproj", "{4BA57746-2982-C9CD-C94F-CF9E9E53573F}"
EndProject
Global
	GlobalSection(SolutionConfigurationPlatforms) = preSolution
		Debug|Any CPU = Debug|Any CPU
		Release|Any CPU = Release|Any CPU
	EndGlobalSection
	GlobalSection(ProjectConfigurationPlatforms) = postSolution
		{766EB4B0-8B8D-C852-ECAA-2CDD63FC91C2}.Debug|Any CPU.ActiveCfg = Debug|Any CPU
		{766EB4B0-8B8D-C852-ECAA-2CDD63FC91C2}.Debug|Any CPU.Build.0 = Debug|Any CPU
		{766EB4B0-8B8D-C852-ECAA-2CDD63FC91C2}.Release|Any CPU.ActiveCfg = Release|Any CPU
		{766EB4B0-8B8D-C852-ECAA-2CDD63FC91C2}.Release|Any CPU.Build.0 = Release|Any CPU
		{D54501F0-CE07-D7A1-CB0C-399EB71B2C78}.Debug|Any CPU.ActiveCfg = Debug|Any CPU
		{D54501F0-CE07-D7A1-CB0C-399EB71B2C78}.Debug|Any CPU.Build.0 = Debug|Any CPU
		{D54501F0-CE07-D7A1-CB0C-399EB71B2C78}.Release|Any CPU.ActiveCfg = Release|Any CPU
		{D54501F0-CE07-D7A1-CB0C-399EB71B2C78}.Release|Any CPU.Build.0 = Release|Any CPU
		{4BA57746-2982-C9CD-C94F-CF9E9E53573F}.Debug|Any CPU.ActiveCfg = Debug|Any CPU
		{4BA57746-2982-C9CD-C94F-CF9E9E53573F}.Debug|Any CPU.Build.0 = Debug|Any CPU
		{4BA57746-2982-C9CD-C94F-CF9E9E53573F}.Release|Any CPU.ActiveCfg = Release|Any CPU
		{4BA57746-2982-C9CD-C94F-CF9E9E53573F}.Release|Any CPU.Build.0 = Release|Any CPU
	EndGlobalSection
	GlobalSection(SolutionProperties) = preSolution
		HideSolutionNode = FALSE
	EndGlobalSection
EndGlobal
